// !$*UTF8*$!
{
	archiveVersion = 1;
	classes = {
	};
	objectVersion = 46;
	objects = {

/* Begin PBXBuildFile section */
		F99BF9061D3AA94100AE03C7 /* AppDelegate.swift in Sources */ = {isa = PBXBuildFile; fileRef = F99BF9051D3AA94100AE03C7 /* AppDelegate.swift */; };
		F99BF9081D3AA94100AE03C7 /* ViewController.swift in Sources */ = {isa = PBXBuildFile; fileRef = F99BF9071D3AA94100AE03C7 /* ViewController.swift */; };
		F99BF90B1D3AA94100AE03C7 /* Main.storyboard in Resources */ = {isa = PBXBuildFile; fileRef = F99BF9091D3AA94100AE03C7 /* Main.storyboard */; };
		F99BF90D1D3AA94100AE03C7 /* Assets.xcassets in Resources */ = {isa = PBXBuildFile; fileRef = F99BF90C1D3AA94100AE03C7 /* Assets.xcassets */; };
		F99BF9101D3AA94100AE03C7 /* LaunchScreen.storyboard in Resources */ = {isa = PBXBuildFile; fileRef = F99BF90E1D3AA94100AE03C7 /* LaunchScreen.storyboard */; };
/* End PBXBuildFile section */

/* Begin PBXFileReference section */
		F99BF9021D3AA94100AE03C7 /* super cool.app */ = {isa = PBXFileReference; explicitFileType = wrapper.application; includeInIndex = 0; path = "super cool.app"; sourceTree = BUILT_PRODUCTS_DIR; };
		F99BF9051D3AA94100AE03C7 /* AppDelegate.swift */ = {isa = PBXFileReference; lastKnownFileType = sourcecode.swift; path = AppDelegate.swift; sourceTree = "<group>"; };
		F99BF9071D3AA94100AE03C7 /* ViewController.swift */ = {isa = PBXFileReference; lastKnownFileType = sourcecode.swift; path = ViewController.swift; sourceTree = "<group>"; };
		F99BF90A1D3AA94100AE03C7 /* Base */ = {isa = PBXFileReference; lastKnownFileType = file.storyboard; name = Base; path = Base.lproj/Main.storyboard; sourceTree = "<group>"; };
		F99BF90C1D3AA94100AE03C7 /* Assets.xcassets */ = {isa = PBXFileReference; lastKnownFileType = folder.assetcatalog; path = Assets.xcassets; sourceTree = "<group>"; };
		F99BF90F1D3AA94100AE03C7 /* Base */ = {isa = PBXFileReference; lastKnownFileType = file.storyboard; name = Base; path = Base.lproj/LaunchScreen.storyboard; sourceTree = "<group>"; };
		F99BF9111D3AA94100AE03C7 /* Info.plist */ = {isa = PBXFileReference; lastKnownFileType = text.plist.xml; path = Info.plist; sourceTree = "<group>"; };
/* End PBXFileReference section */

/* Begin PBXFrameworksBuildPhase section */
		F99BF8FF1D3AA94100AE03C7 /* Frameworks */ = {
			isa = PBXFrameworksBuildPhase;
			buildActionMask = 2147483647;
			files = (
			);
			runOnlyForDeploymentPostprocessing = 0;
		};
/* End PBXFrameworksBuildPhase section */

/* Begin PBXGroup section */
		F99BF8F91D3AA94100AE03C7 = {
			isa = PBXGroup;
			children = (
				F99BF9041D3AA94100AE03C7 /* super cool */,
				F99BF9031D3AA94100AE03C7 /* Products */,
			);
			sourceTree = "<group>";
		};
		F99BF9031D3AA94100AE03C7 /* Products */ = {
			isa = PBXGroup;
			children = (
				F99BF9021D3AA94100AE03C7 /* super cool.app */,
			);
			name = Products;
			sourceTree = "<group>";
		};
		F99BF9041D3AA94100AE03C7 /* super cool */ = {
			isa = PBXGroup;
			children = (
				F99BF9051D3AA94100AE03C7 /* AppDelegate.swift */,
				F99BF9071D3AA94100AE03C7 /* ViewController.swift */,
				F99BF9091D3AA94100AE03C7 /* Main.storyboard */,
				F99BF90C1D3AA94100AE03C7 /* Assets.xcassets */,
				F99BF90E1D3AA94100AE03C7 /* LaunchScreen.storyboard */,
				F99BF9111D3AA94100AE03C7 /* Info.plist */,
			);
			path = "super cool";
			sourceTree = "<group>";
		};
/* End PBXGroup section */

/* Begin PBXNativeTarget section */
		F99BF9011D3AA94100AE03C7 /* super cool */ = {
			isa = PBXNativeTarget;
			buildConfigurationList = F99BF9141D3AA94100AE03C7 /* Build configuration list for PBXNativeTarget "super cool" */;
			buildPhases = (
				F99BF8FE1D3AA94100AE03C7 /* Sources */,
				F99BF8FF1D3AA94100AE03C7 /* Frameworks */,
				F99BF9001D3AA94100AE03C7 /* Resources */,
			);
			buildRules = (
			);
			dependencies = (
			);
			name = "super cool";
			productName = "super cool";
			productReference = F99BF9021D3AA94100AE03C7 /* super cool.app */;
			productType = "com.apple.product-type.application";
		};
/* End PBXNativeTarget section */

/* Begin PBXProject section */
		F99BF8FA1D3AA94100AE03C7 /* Project object */ = {
			isa = PBXProject;
			attributes = {
				LastSwiftUpdateCheck = 0800;
				LastUpgradeCheck = 0800;
				ORGANIZATIONNAME = "Kevin Olsen";
				TargetAttributes = {
					F99BF9011D3AA94100AE03C7 = {
						CreatedOnToolsVersion = 8.0;
						ProvisioningStyle = Automatic;
					};
				};
			};
			buildConfigurationList = F99BF8FD1D3AA94100AE03C7 /* Build configuration list for PBXProject "super cool" */;
			compatibilityVersion = "Xcode 3.2";
			developmentRegion = English;
			hasScannedForEncodings = 0;
			knownRegions = (
				en,
				Base,
			);
			mainGroup = F99BF8F91D3AA94100AE03C7;
			productRefGroup = F99BF9031D3AA94100AE03C7 /* Products */;
			projectDirPath = "";
			projectRoot = "";
			targets = (
				F99BF9011D3AA94100AE03C7 /* super cool */,
			);
		};
/* End PBXProject section */

/* Begin PBXResourcesBuildPhase section */
		F99BF9001D3AA94100AE03C7 /* Resources */ = {
			isa = PBXResourcesBuildPhase;
			buildActionMask = 2147483647;
			files = (
				F99BF9101D3AA94100AE03C7 /* LaunchScreen.storyboard in Resources */,
				F99BF90D1D3AA94100AE03C7 /* Assets.xcassets in Resources */,
				F99BF90B1D3AA94100AE03C7 /* Main.storyboard in Resources */,
			);
			runOnlyForDeploymentPostprocessing = 0;
		};
/* End PBXResourcesBuildPhase section */

/* Begin PBXSourcesBuildPhase section */
		F99BF8FE1D3AA94100AE03C7 /* Sources */ = {
			isa = PBXSourcesBuildPhase;
			buildActionMask = 2147483647;
			files = (
				F99BF9081D3AA94100AE03C7 /* ViewController.swift in Sources */,
				F99BF9061D3AA94100AE03C7 /* AppDelegate.swift in Sources */,
			);
			runOnlyForDeploymentPostprocessing = 0;
		};
/* End PBXSourcesBuildPhase section */

/* Begin PBXVariantGroup section */
		F99BF9091D3AA94100AE03C7 /* Main.storyboard */ = {
			isa = PBXVariantGroup;
			children = (
				F99BF90A1D3AA94100AE03C7 /* Base */,
			);
			name = Main.storyboard;
			sourceTree = "<group>";
		};
		F99BF90E1D3AA94100AE03C7 /* LaunchScreen.storyboard */ = {
			isa = PBXVariantGroup;
			children = (
				F99BF90F1D3AA94100AE03C7 /* Base */,
			);
			name = LaunchScreen.storyboard;
			sourceTree = "<group>";
		};
/* End PBXVariantGroup section */

/* Begin XCBuildConfiguration section */
		F99BF9121D3AA94100AE03C7 /* Debug */ = {
			isa = XCBuildConfiguration;
			buildSettings = {
				ALWAYS_SEARCH_USER_PATHS = NO;
				CLANG_ANALYZER_NONNULL = YES;
				CLANG_CXX_LANGUAGE_STANDARD = "gnu++0x";
				CLANG_CXX_LIBRARY = "libc++";
				CLANG_ENABLE_MODULES = YES;
				CLANG_ENABLE_OBJC_ARC = YES;
				CLANG_WARN_BOOL_CONVERSION = YES;
				CLANG_WARN_CONSTANT_CONVERSION = YES;
				CLANG_WARN_DIRECT_OBJC_ISA_USAGE = YES_ERROR;
				CLANG_WARN_DOCUMENTATION_COMMENTS = YES;
				CLANG_WARN_EMPTY_BODY = YES;
				CLANG_WARN_ENUM_CONVERSION = YES;
				CLANG_WARN_INT_CONVERSION = YES;
				CLANG_WARN_OBJC_ROOT_CLASS = YES_ERROR;
				CLANG_WARN_UNREACHABLE_CODE = YES;
				CLANG_WARN__DUPLICATE_METHOD_MATCH = YES;
				"CODE_SIGN_IDENTITY[sdk=iphoneos*]" = "iPhone Developer";
				COPY_PHASE_STRIP = NO;
				DEBUG_INFORMATION_FORMAT = dwarf;
				ENABLE_STRICT_OBJC_MSGSEND = YES;
				ENABLE_TESTABILITY = YES;
				GCC_C_LANGUAGE_STANDARD = gnu99;
				GCC_DYNAMIC_NO_PIC = NO;
				GCC_NO_COMMON_BLOCKS = YES;
				GCC_OPTIMIZATION_LEVEL = 0;
				GCC_PREPROCESSOR_DEFINITIONS = (
					"DEBUG=1",
					"$(inherited)",
				);
				GCC_WARN_64_TO_32_BIT_CONVERSION = YES;
				GCC_WARN_ABOUT_RETURN_TYPE = YES_ERROR;
				GCC_WARN_UNDECLARED_SELECTOR = YES;
				GCC_WARN_UNINITIALIZED_AUTOS = YES_AGGRESSIVE;
				GCC_WARN_UNUSED_FUNCTION = YES;
				GCC_WARN_UNUSED_VARIABLE = YES;
				IPHONEOS_DEPLOYMENT_TARGET = 10.0;
				MTL_ENABLE_DEBUG_INFO = YES;
				ONLY_ACTIVE_ARCH = YES;
				SDKROOT = iphoneos;
				SWIFT_ACTIVE_COMPILATION_CONDITIONS = DEBUG;
				SWIFT_OPTIMIZATION_LEVEL = "-Onone";
			};
			name = Debug;
		};
		F99BF9131D3AA94100AE03C7 /* Release */ = {
			isa = XCBuildConfiguration;
			buildSettings = {
				ALWAYS_SEARCH_USER_PATHS = NO;
				CLANG_ANALYZER_NONNULL = YES;
				CLANG_CXX_LANGUAGE_STANDARD = "gnu++0x";
				CLANG_CXX_LIBRARY = "libc++";
				CLANG_ENABLE_MODULES = YES;
				CLANG_ENABLE_OBJC_ARC = YES;
				CLANG_WARN_BOOL_CONVERSION = YES;
				CLANG_WARN_CONSTANT_CONVERSION = YES;
				CLANG_WARN_DIRECT_OBJC_ISA_USAGE = YES_ERROR;
				CLANG_WARN_DOCUMENTATION_COMMENTS = YES;
				CLANG_WARN_EMPTY_BODY = YES;
				CLANG_WARN_ENUM_CONVERSION = YES;
				CLANG_WARN_INT_CONVERSION = YES;
				CLANG_WARN_OBJC_ROOT_CLASS = YES_ERROR;
				CLANG_WARN_UNREACHABLE_CODE = YES;
				CLANG_WARN__DUPLICATE_METHOD_MATCH = YES;
				"CODE_SIGN_IDENTITY[sdk=iphoneos*]" = "iPhone Developer";
				COPY_PHASE_STRIP = NO;
				DEBUG_INFORMATION_FORMAT = "dwarf-with-dsym";
				ENABLE_NS_ASSERTIONS = NO;
				ENABLE_STRICT_OBJC_MSGSEND = YES;
				GCC_C_LANGUAGE_STANDARD = gnu99;
				GCC_NO_COMMON_BLOCKS = YES;
				GCC_WARN_64_TO_32_BIT_CONVERSION = YES;
				GCC_WARN_ABOUT_RETURN_TYPE = YES_ERROR;
				GCC_WARN_UNDECLARED_SELECTOR = YES;
				GCC_WARN_UNINITIALIZED_AUTOS = YES_AGGRESSIVE;
				GCC_WARN_UNUSED_FUNCTION = YES;
				GCC_WARN_UNUSED_VARIABLE = YES;
				IPHONEOS_DEPLOYMENT_TARGET = 10.0;
				MTL_ENABLE_DEBUG_INFO = NO;
				SDKROOT = iphoneos;
				SWIFT_OPTIMIZATION_LEVEL = "-Owholemodule";
				VALIDATE_PRODUCT = YES;
			};
			name = Release;
		};
		F99BF9151D3AA94100AE03C7 /* Debug */ = {
			isa = XCBuildConfiguration;
			buildSettings = {
				ASSETCATALOG_COMPILER_APPICON_NAME = AppIcon;
				INFOPLIST_FILE = "super cool/Info.plist";
				LD_RUNPATH_SEARCH_PATHS = "$(inherited) @executable_path/Frameworks";
				PRODUCT_BUNDLE_IDENTIFIER = "com.Super-Cool.super-cool";
				PRODUCT_NAME = "$(TARGET_NAME)";
				SWIFT_VERSION = 3.0;
			};
			name = Debug;
		};
		F99BF9161D3AA94100AE03C7 /* Release */ = {
			isa = XCBuildConfiguration;
			buildSettings = {
				ASSETCATALOG_COMPILER_APPICON_NAME = AppIcon;
				INFOPLIST_FILE = "super cool/Info.plist";
				LD_RUNPATH_SEARCH_PATHS = "$(inherited) @executable_path/Frameworks";
				PRODUCT_BUNDLE_IDENTIFIER = "com.Super-Cool.super-cool";
				PRODUCT_NAME = "$(TARGET_NAME)";
				SWIFT_VERSION = 3.0;
			};
			name = Release;
		};
/* End XCBuildConfiguration section */

/* Begin XCConfigurationList section */
		F99BF8FD1D3AA94100AE03C7 /* Build configuration list for PBXProject "super cool" */ = {
			isa = XCConfigurationList;
			buildConfigurations = (
				F99BF9121D3AA94100AE03C7 /* Debug */,
				F99BF9131D3AA94100AE03C7 /* Release */,
			);
			defaultConfigurationIsVisible = 0;
			defaultConfigurationName = Release;
		};
		F99BF9141D3AA94100AE03C7 /* Build configuration list for PBXNativeTarget "super cool" */ = {
			isa = XCConfigurationList;
			buildConfigurations = (
				F99BF9151D3AA94100AE03C7 /* Debug */,
				F99BF9161D3AA94100AE03C7 /* Release */,
			);
			defaultConfigurationIsVisible = 0;
		};
/* End XCConfigurationList section */
	};
	rootObject = F99BF8FA1D3AA94100AE03C7 /* Project object */;
}
